
Microsoft Visual Studio Solution File, Format Version 12.00
# Visual Studio Version 17
VisualStudioVersion = 17.11.35312.102
MinimumVisualStudioVersion = 10.0.40219.1
Project("{FAE04EC0-301F-11D3-BF4B-00C04F79EFBC}") = "StudentManagement", "StudentManagement.csproj", "{1AB7A62D-FEA2-45CB-8A8B-9BA1F0276C52}"
EndProject
Global
	GlobalSection(SolutionConfigurationPlatforms) = preSolution
		Debug|Any CPU = Debug|Any CPU
		Release|Any CPU = Release|Any CPU
	EndGlobalSection
	GlobalSection(ProjectConfigurationPlatforms) = postSolution
		{1AB7A62D-FEA2-45CB-8A8B-9BA1F0276C52}.Debug|Any CPU.ActiveCfg = Debug|Any CPU
		{1AB7A62D-FEA2-45CB-8A8B-9BA1F0276C52}.Debug|Any CPU.Build.0 = Debug|Any CPU
		{1AB7A62D-FEA2-45CB-8A8B-9BA1F0276C52}.Release|Any CPU.ActiveCfg = Release|Any CPU
		{1AB7A62D-FEA2-45CB-8A8B-9BA1F0276C52}.Release|Any CPU.Build.0 = Release|Any CPU
	EndGlobalSection
	GlobalSection(SolutionProperties) = preSolution
		HideSolutionNode = FALSE
	EndGlobalSection
	GlobalSection(ExtensibilityGlobals) = postSolution
		SolutionGuid = {BE297B85-2B64-45E5-83B0-F312FCF1CB95}
	EndGlobalSection
EndGlobal
